
Microsoft Visual Studio Solution File, Format Version 12.00
# Visual Studio 15
VisualStudioVersion = 15.0.27703.2026
MinimumVisualStudioVersion = 10.0.40219.1
Project("{FAE04EC0-301F-11D3-BF4B-00C04F79EFBC}") = "Products.Android", "Products\Products.Android\Products.Android.csproj", "{9CCD7B9E-42A7-4F3D-8C27-EE6337BE822D}"
EndProject
Project("{FAE04EC0-301F-11D3-BF4B-00C04F79EFBC}") = "Products.iOS", "Products\Products.iOS\Products.iOS.csproj", "{F61209B4-5D55-4F8D-BB69-8928B53E9F07}"
EndProject
Project("{FAE04EC0-301F-11D3-BF4B-00C04F79EFBC}") = "Products", "Products\Products\Products.csproj", "{048F56F6-18CB-447F-BDE5-0E7D954BC457}"
EndProject
Project("{FAE04EC0-301F-11D3-BF4B-00C04F79EFBC}") = "Products.Domain", "Products.Domain\Products.Domain.csproj", "{60180649-D883-4F95-BF52-A00D7358C667}"
EndProject
Project("{FAE04EC0-301F-11D3-BF4B-00C04F79EFBC}") = "Products.backend", "Products.backend\Products.backend.csproj", "{CB8B232F-5ED5-46B3-844F-36FECCFA884E}"
EndProject
Project("{FAE04EC0-301F-11D3-BF4B-00C04F79EFBC}") = "Products.Api", "Products.Api\Products.Api.csproj", "{18699448-E584-4C1F-911A-BCB427C75E93}"
EndProject
Global
	GlobalSection(SolutionConfigurationPlatforms) = preSolution
		Ad-Hoc|Any CPU = Ad-Hoc|Any CPU
		Ad-Hoc|iPhone = Ad-Hoc|iPhone
		Ad-Hoc|iPhoneSimulator = Ad-Hoc|iPhoneSimulator
		AppStore|Any CPU = AppStore|Any CPU
		AppStore|iPhone = AppStore|iPhone
		AppStore|iPhoneSimulator = AppStore|iPhoneSimulator
		Debug|Any CPU = Debug|Any CPU
		Debug|iPhone = Debug|iPhone
		Debug|iPhoneSimulator = Debug|iPhoneSimulator
		Release|Any CPU = Release|Any CPU
		Release|iPhone = Release|iPhone
		Release|iPhoneSimulator = Release|iPhoneSimulator
	EndGlobalSection
	GlobalSection(ProjectConfigurationPlatforms) = postSolution
		{9CCD7B9E-42A7-4F3D-8C27-EE6337BE822D}.Ad-Hoc|Any CPU.ActiveCfg = Release|Any CPU
		{9CCD7B9E-42A7-4F3D-8C27-EE6337BE822D}.Ad-Hoc|Any CPU.Build.0 = Release|Any CPU
		{9CCD7B9E-42A7-4F3D-8C27-EE6337BE822D}.Ad-Hoc|Any CPU.Deploy.0 = Release|Any CPU
		{9CCD7B9E-42A7-4F3D-8C27-EE6337BE822D}.Ad-Hoc|iPhone.ActiveCfg = Release|Any CPU
		{9CCD7B9E-42A7-4F3D-8C27-EE6337BE822D}.Ad-Hoc|iPhone.Build.0 = Release|Any CPU
		{9CCD7B9E-42A7-4F3D-8C27-EE6337BE822D}.Ad-Hoc|iPhone.Deploy.0 = Release|Any CPU
		{9CCD7B9E-42A7-4F3D-8C27-EE6337BE822D}.Ad-Hoc|iPhoneSimulator.ActiveCfg = Release|Any CPU
		{9CCD7B9E-42A7-4F3D-8C27-EE6337BE822D}.Ad-Hoc|iPhoneSimulator.Build.0 = Release|Any CPU
		{9CCD7B9E-42A7-4F3D-8C27-EE6337BE822D}.Ad-Hoc|iPhoneSimulator.Deploy.0 = Release|Any CPU
		{9CCD7B9E-42A7-4F3D-8C27-EE6337BE822D}.AppStore|Any CPU.ActiveCfg = Release|Any CPU
		{9CCD7B9E-42A7-4F3D-8C27-EE6337BE822D}.AppStore|Any CPU.Build.0 = Release|Any CPU
		{9CCD7B9E-42A7-4F3D-8C27-EE6337BE822D}.AppStore|Any CPU.Deploy.0 = Release|Any CPU
		{9CCD7B9E-42A7-4F3D-8C27-EE6337BE822D}.AppStore|iPhone.ActiveCfg = Release|Any CPU
		{9CCD7B9E-42A7-4F3D-8C27-EE6337BE822D}.AppStore|iPhone.Build.0 = Release|Any CPU
		{9CCD7B9E-42A7-4F3D-8C27-EE6337BE822D}.AppStore|iPhone.Deploy.0 = Release|Any CPU
		{9CCD7B9E-42A7-4F3D-8C27-EE6337BE822D}.AppStore|iPhoneSimulator.ActiveCfg = Release|Any CPU
		{9CCD7B9E-42A7-4F3D-8C27-EE6337BE822D}.AppStore|iPhoneSimulator.Build.0 = Release|Any CPU
		{9CCD7B9E-42A7-4F3D-8C27-EE6337BE822D}.AppStore|iPhoneSimulator.Deploy.0 = Release|Any CPU
		{9CCD7B9E-42A7-4F3D-8C27-EE6337BE822D}.Debug|Any CPU.ActiveCfg = Debug|Any CPU
		{9CCD7B9E-42A7-4F3D-8C27-EE6337BE822D}.Debug|Any CPU.Build.0 = Debug|Any CPU
		{9CCD7B9E-42A7-4F3D-8C27-EE6337BE822D}.Debug|Any CPU.Deploy.0 = Debug|Any CPU
		{9CCD7B9E-42A7-4F3D-8C27-EE6337BE822D}.Debug|iPhone.ActiveCfg = Debug|Any CPU
		{9CCD7B9E-42A7-4F3D-8C27-EE6337BE822D}.Debug|iPhone.Build.0 = Debug|Any CPU
		{9CCD7B9E-42A7-4F3D-8C27-EE6337BE822D}.Debug|iPhone.Deploy.0 = Debug|Any CPU
		{9CCD7B9E-42A7-4F3D-8C27-EE6337BE822D}.Debug|iPhoneSimulator.ActiveCfg = Debug|Any CPU
		{9CCD7B9E-42A7-4F3D-8C27-EE6337BE822D}.Debug|iPhoneSimulator.Build.0 = Debug|Any CPU
		{9CCD7B9E-42A7-4F3D-8C27-EE6337BE822D}.Debug|iPhoneSimulator.Deploy.0 = Debug|Any CPU
		{9CCD7B9E-42A7-4F3D-8C27-EE6337BE822D}.Release|Any CPU.ActiveCfg = Release|Any CPU
		{9CCD7B9E-42A7-4F3D-8C27-EE6337BE822D}.Release|Any CPU.Build.0 = Release|Any CPU
		{9CCD7B9E-42A7-4F3D-8C27-EE6337BE822D}.Release|Any CPU.Deploy.0 = Release|Any CPU
		{9CCD7B9E-42A7-4F3D-8C27-EE6337BE822D}.Release|iPhone.ActiveCfg = Release|Any CPU
		{9CCD7B9E-42A7-4F3D-8C27-EE6337BE822D}.Release|iPhone.Build.0 = Release|Any CPU
		{9CCD7B9E-42A7-4F3D-8C27-EE6337BE822D}.Release|iPhone.Deploy.0 = Release|Any CPU
		{9CCD7B9E-42A7-4F3D-8C27-EE6337BE822D}.Release|iPhoneSimulator.ActiveCfg = Release|Any CPU
		{9CCD7B9E-42A7-4F3D-8C27-EE6337BE822D}.Release|iPhoneSimulator.Build.0 = Release|Any CPU
		{9CCD7B9E-42A7-4F3D-8C27-EE6337BE822D}.Release|iPhoneSimulator.Deploy.0 = Release|Any CPU
		{F61209B4-5D55-4F8D-BB69-8928B53E9F07}.Ad-Hoc|Any CPU.ActiveCfg = Ad-Hoc|iPhone
		{F61209B4-5D55-4F8D-BB69-8928B53E9F07}.Ad-Hoc|Any CPU.Build.0 = Ad-Hoc|iPhone
		{F61209B4-5D55-4F8D-BB69-8928B53E9F07}.Ad-Hoc|Any CPU.Deploy.0 = Ad-Hoc|iPhone
		{F61209B4-5D55-4F8D-BB69-8928B53E9F07}.Ad-Hoc|iPhone.ActiveCfg = Ad-Hoc|iPhone
		{F61209B4-5D55-4F8D-BB69-8928B53E9F07}.Ad-Hoc|iPhone.Build.0 = Ad-Hoc|iPhone
		{F61209B4-5D55-4F8D-BB69-8928B53E9F07}.Ad-Hoc|iPhone.Deploy.0 = Ad-Hoc|iPhone
		{F61209B4-5D55-4F8D-BB69-8928B53E9F07}.Ad-Hoc|iPhoneSimulator.ActiveCfg = Ad-Hoc|iPhoneSimulator
		{F61209B4-5D55-4F8D-BB69-8928B53E9F07}.Ad-Hoc|iPhoneSimulator.Build.0 = Ad-Hoc|iPhoneSimulator
		{F61209B4-5D55-4F8D-BB69-8928B53E9F07}.Ad-Hoc|iPhoneSimulator.Deploy.0 = Ad-Hoc|iPhoneSimulator
		{F61209B4-5D55-4F8D-BB69-8928B53E9F07}.AppStore|Any CPU.ActiveCfg = AppStore|iPhone
		{F61209B4-5D55-4F8D-BB69-8928B53E9F07}.AppStore|Any CPU.Build.0 = AppStore|iPhone
		{F61209B4-5D55-4F8D-BB69-8928B53E9F07}.AppStore|Any CPU.Deploy.0 = AppStore|iPhone
		{F61209B4-5D55-4F8D-BB69-8928B53E9F07}.AppStore|iPhone.ActiveCfg = AppStore|iPhone
		{F61209B4-5D55-4F8D-BB69-8928B53E9F07}.AppStore|iPhone.Build.0 = AppStore|iPhone
		{F61209B4-5D55-4F8D-BB69-8928B53E9F07}.AppStore|iPhone.Deploy.0 = AppStore|iPhone
		{F61209B4-5D55-4F8D-BB69-8928B53E9F07}.AppStore|iPhoneSimulator.ActiveCfg = AppStore|iPhoneSimulator
		{F61209B4-5D55-4F8D-BB69-8928B53E9F07}.AppStore|iPhoneSimulator.Build.0 = AppStore|iPhoneSimulator
		{F61209B4-5D55-4F8D-BB69-8928B53E9F07}.AppStore|iPhoneSimulator.Deploy.0 = AppStore|iPhoneSimulator
		{F61209B4-5D55-4F8D-BB69-8928B53E9F07}.Debug|Any CPU.ActiveCfg = Debug|iPhoneSimulator
		{F61209B4-5D55-4F8D-BB69-8928B53E9F07}.Debug|Any CPU.Build.0 = Debug|iPhoneSimulator
		{F61209B4-5D55-4F8D-BB69-8928B53E9F07}.Debug|Any CPU.Deploy.0 = Debug|iPhoneSimulator
		{F61209B4-5D55-4F8D-BB69-8928B53E9F07}.Debug|iPhone.ActiveCfg = Debug|iPhone
		{F61209B4-5D55-4F8D-BB69-8928B53E9F07}.Debug|iPhone.Build.0 = Debug|iPhone
		{F61209B4-5D55-4F8D-BB69-8928B53E9F07}.Debug|iPhone.Deploy.0 = Debug|iPhone
		{F61209B4-5D55-4F8D-BB69-8928B53E9F07}.Debug|iPhoneSimulator.ActiveCfg = Debug|iPhoneSimulator
		{F61209B4-5D55-4F8D-BB69-8928B53E9F07}.Debug|iPhoneSimulator.Build.0 = Debug|iPhoneSimulator
		{F61209B4-5D55-4F8D-BB69-8928B53E9F07}.Debug|iPhoneSimulator.Deploy.0 = Debug|iPhoneSimulator
		{F61209B4-5D55-4F8D-BB69-8928B53E9F07}.Release|Any CPU.ActiveCfg = Release|iPhone
		{F61209B4-5D55-4F8D-BB69-8928B53E9F07}.Release|Any CPU.Build.0 = Release|iPhone
		{F61209B4-5D55-4F8D-BB69-8928B53E9F07}.Release|Any CPU.Deploy.0 = Release|iPhone
		{F61209B4-5D55-4F8D-BB69-8928B53E9F07}.Release|iPhone.ActiveCfg = Release|iPhone
		{F61209B4-5D55-4F8D-BB69-8928B53E9F07}.Release|iPhone.Build.0 = Release|iPhone
		{F61209B4-5D55-4F8D-BB69-8928B53E9F07}.Release|iPhone.Deploy.0 = Release|iPhone
		{F61209B4-5D55-4F8D-BB69-8928B53E9F07}.Release|iPhoneSimulator.ActiveCfg = Release|iPhoneSimulator
		{F61209B4-5D55-4F8D-BB69-8928B53E9F07}.Release|iPhoneSimulator.Build.0 = Release|iPhoneSimulator
		{F61209B4-5D55-4F8D-BB69-8928B53E9F07}.Release|iPhoneSimulator.Deploy.0 = Release|iPhoneSimulator
		{048F56F6-18CB-447F-BDE5-0E7D954BC457}.Ad-Hoc|Any CPU.ActiveCfg = Debug|Any CPU
		{048F56F6-18CB-447F-BDE5-0E7D954BC457}.Ad-Hoc|Any CPU.Build.0 = Debug|Any CPU
		{048F56F6-18CB-447F-BDE5-0E7D954BC457}.Ad-Hoc|Any CPU.Deploy.0 = Debug|Any CPU
		{048F56F6-18CB-447F-BDE5-0E7D954BC457}.Ad-Hoc|iPhone.ActiveCfg = Debug|Any CPU
		{048F56F6-18CB-447F-BDE5-0E7D954BC457}.Ad-Hoc|iPhone.Build.0 = Debug|Any CPU
		{048F56F6-18CB-447F-BDE5-0E7D954BC457}.Ad-Hoc|iPhone.Deploy.0 = Debug|Any CPU
		{048F56F6-18CB-447F-BDE5-0E7D954BC457}.Ad-Hoc|iPhoneSimulator.ActiveCfg = Debug|Any CPU
		{048F56F6-18CB-447F-BDE5-0E7D954BC457}.Ad-Hoc|iPhoneSimulator.Build.0 = Debug|Any CPU
		{048F56F6-18CB-447F-BDE5-0E7D954BC457}.Ad-Hoc|iPhoneSimulator.Deploy.0 = Debug|Any CPU
		{048F56F6-18CB-447F-BDE5-0E7D954BC457}.AppStore|Any CPU.ActiveCfg = Debug|Any CPU
		{048F56F6-18CB-447F-BDE5-0E7D954BC457}.AppStore|Any CPU.Build.0 = Debug|Any CPU
		{048F56F6-18CB-447F-BDE5-0E7D954BC457}.AppStore|Any CPU.Deploy.0 = Debug|Any CPU
		{048F56F6-18CB-447F-BDE5-0E7D954BC457}.AppStore|iPhone.ActiveCfg = Debug|Any CPU
		{048F56F6-18CB-447F-BDE5-0E7D954BC457}.AppStore|iPhone.Build.0 = Debug|Any CPU
		{048F56F6-18CB-447F-BDE5-0E7D954BC457}.AppStore|iPhone.Deploy.0 = Debug|Any CPU
		{048F56F6-18CB-447F-BDE5-0E7D954BC457}.AppStore|iPhoneSimulator.ActiveCfg = Debug|Any CPU
		{048F56F6-18CB-447F-BDE5-0E7D954BC457}.AppStore|iPhoneSimulator.Build.0 = Debug|Any CPU
		{048F56F6-18CB-447F-BDE5-0E7D954BC457}.AppStore|iPhoneSimulator.Deploy.0 = Debug|Any CPU
		{048F56F6-18CB-447F-BDE5-0E7D954BC457}.Debug|Any CPU.ActiveCfg = Debug|Any CPU
		{048F56F6-18CB-447F-BDE5-0E7D954BC457}.Debug|Any CPU.Build.0 = Debug|Any CPU
		{048F56F6-18CB-447F-BDE5-0E7D954BC457}.Debug|Any CPU.Deploy.0 = Debug|Any CPU
		{048F56F6-18CB-447F-BDE5-0E7D954BC457}.Debug|iPhone.ActiveCfg = Debug|Any CPU
		{048F56F6-18CB-447F-BDE5-0E7D954BC457}.Debug|iPhone.Build.0 = Debug|Any CPU
		{048F56F6-18CB-447F-BDE5-0E7D954BC457}.Debug|iPhone.Deploy.0 = Debug|Any CPU
		{048F56F6-18CB-447F-BDE5-0E7D954BC457}.Debug|iPhoneSimulator.ActiveCfg = Debug|Any CPU
		{048F56F6-18CB-447F-BDE5-0E7D954BC457}.Debug|iPhoneSimulator.Build.0 = Debug|Any CPU
		{048F56F6-18CB-447F-BDE5-0E7D954BC457}.Debug|iPhoneSimulator.Deploy.0 = Debug|Any CPU
		{048F56F6-18CB-447F-BDE5-0E7D954BC457}.Release|Any CPU.ActiveCfg = Release|Any CPU
		{048F56F6-18CB-447F-BDE5-0E7D954BC457}.Release|Any CPU.Build.0 = Release|Any CPU
		{048F56F6-18CB-447F-BDE5-0E7D954BC457}.Release|Any CPU.Deploy.0 = Release|Any CPU
		{048F56F6-18CB-447F-BDE5-0E7D954BC457}.Release|iPhone.ActiveCfg = Release|Any CPU
		{048F56F6-18CB-447F-BDE5-0E7D954BC457}.Release|iPhone.Build.0 = Release|Any CPU
		{048F56F6-18CB-447F-BDE5-0E7D954BC457}.Release|iPhone.Deploy.0 = Release|Any CPU
		{048F56F6-18CB-447F-BDE5-0E7D954BC457}.Release|iPhoneSimulator.ActiveCfg = Release|Any CPU
		{048F56F6-18CB-447F-BDE5-0E7D954BC457}.Release|iPhoneSimulator.Build.0 = Release|Any CPU
		{048F56F6-18CB-447F-BDE5-0E7D954BC457}.Release|iPhoneSimulator.Deploy.0 = Release|Any CPU
		{60180649-D883-4F95-BF52-A00D7358C667}.Ad-Hoc|Any CPU.ActiveCfg = Release|Any CPU
		{60180649-D883-4F95-BF52-A00D7358C667}.Ad-Hoc|Any CPU.Build.0 = Release|Any CPU
		{60180649-D883-4F95-BF52-A00D7358C667}.Ad-Hoc|iPhone.ActiveCfg = Release|Any CPU
		{60180649-D883-4F95-BF52-A00D7358C667}.Ad-Hoc|iPhone.Build.0 = Release|Any CPU
		{60180649-D883-4F95-BF52-A00D7358C667}.Ad-Hoc|iPhoneSimulator.ActiveCfg = Release|Any CPU
		{60180649-D883-4F95-BF52-A00D7358C667}.Ad-Hoc|iPhoneSimulator.Build.0 = Release|Any CPU
		{60180649-D883-4F95-BF52-A00D7358C667}.AppStore|Any CPU.ActiveCfg = Release|Any CPU
		{60180649-D883-4F95-BF52-A00D7358C667}.AppStore|Any CPU.Build.0 = Release|Any CPU
		{60180649-D883-4F95-BF52-A00D7358C667}.AppStore|iPhone.ActiveCfg = Release|Any CPU
		{60180649-D883-4F95-BF52-A00D7358C667}.AppStore|iPhone.Build.0 = Release|Any CPU
		{60180649-D883-4F95-BF52-A00D7358C667}.AppStore|iPhoneSimulator.ActiveCfg = Release|Any CPU
		{60180649-D883-4F95-BF52-A00D7358C667}.AppStore|iPhoneSimulator.Build.0 = Release|Any CPU
		{60180649-D883-4F95-BF52-A00D7358C667}.Debug|Any CPU.ActiveCfg = Debug|Any CPU
		{60180649-D883-4F95-BF52-A00D7358C667}.Debug|Any CPU.Build.0 = Debug|Any CPU
		{60180649-D883-4F95-BF52-A00D7358C667}.Debug|iPhone.ActiveCfg = Debug|Any CPU
		{60180649-D883-4F95-BF52-A00D7358C667}.Debug|iPhone.Build.0 = Debug|Any CPU
		{60180649-D883-4F95-BF52-A00D7358C667}.Debug|iPhoneSimulator.ActiveCfg = Debug|Any CPU
		{60180649-D883-4F95-BF52-A00D7358C667}.Debug|iPhoneSimulator.Build.0 = Debug|Any CPU
		{60180649-D883-4F95-BF52-A00D7358C667}.Release|Any CPU.ActiveCfg = Release|Any CPU
		{60180649-D883-4F95-BF52-A00D7358C667}.Release|Any CPU.Build.0 = Release|Any CPU
		{60180649-D883-4F95-BF52-A00D7358C667}.Release|iPhone.ActiveCfg = Release|Any CPU
		{60180649-D883-4F95-BF52-A00D7358C667}.Release|iPhone.Build.0 = Release|Any CPU
		{60180649-D883-4F95-BF52-A00D7358C667}.Release|iPhoneSimulator.ActiveCfg = Release|Any CPU
		{60180649-D883-4F95-BF52-A00D7358C667}.Release|iPhoneSimulator.Build.0 = Release|Any CPU
		{CB8B232F-5ED5-46B3-844F-36FECCFA884E}.Ad-Hoc|Any CPU.ActiveCfg = Release|Any CPU
		{CB8B232F-5ED5-46B3-844F-36FECCFA884E}.Ad-Hoc|Any CPU.Build.0 = Release|Any CPU
		{CB8B232F-5ED5-46B3-844F-36FECCFA884E}.Ad-Hoc|iPhone.ActiveCfg = Release|Any CPU
		{CB8B232F-5ED5-46B3-844F-36FECCFA884E}.Ad-Hoc|iPhone.Build.0 = Release|Any CPU
		{CB8B232F-5ED5-46B3-844F-36FECCFA884E}.Ad-Hoc|iPhoneSimulator.ActiveCfg = Release|Any CPU
		{CB8B232F-5ED5-46B3-844F-36FECCFA884E}.Ad-Hoc|iPhoneSimulator.Build.0 = Release|Any CPU
		{CB8B232F-5ED5-46B3-844F-36FECCFA884E}.AppStore|Any CPU.ActiveCfg = Release|Any CPU
		{CB8B232F-5ED5-46B3-844F-36FECCFA884E}.AppStore|Any CPU.Build.0 = Release|Any CPU
		{CB8B232F-5ED5-46B3-844F-36FECCFA884E}.AppStore|iPhone.ActiveCfg = Release|Any CPU
		{CB8B232F-5ED5-46B3-844F-36FECCFA884E}.AppStore|iPhone.Build.0 = Release|Any CPU
		{CB8B232F-5ED5-46B3-844F-36FECCFA884E}.AppStore|iPhoneSimulator.ActiveCfg = Release|Any CPU
		{CB8B232F-5ED5-46B3-844F-36FECCFA884E}.AppStore|iPhoneSimulator.Build.0 = Release|Any CPU
		{CB8B232F-5ED5-46B3-844F-36FECCFA884E}.Debug|Any CPU.ActiveCfg = Debug|Any CPU
		{CB8B232F-5ED5-46B3-844F-36FECCFA884E}.Debug|Any CPU.Build.0 = Debug|Any CPU
		{CB8B232F-5ED5-46B3-844F-36FECCFA884E}.Debug|iPhone.ActiveCfg = Debug|Any CPU
		{CB8B232F-5ED5-46B3-844F-36FECCFA884E}.Debug|iPhone.Build.0 = Debug|Any CPU
		{CB8B232F-5ED5-46B3-844F-36FECCFA884E}.Debug|iPhoneSimulator.ActiveCfg = Debug|Any CPU
		{CB8B232F-5ED5-46B3-844F-36FECCFA884E}.Debug|iPhoneSimulator.Build.0 = Debug|Any CPU
		{CB8B232F-5ED5-46B3-844F-36FECCFA884E}.Release|Any CPU.ActiveCfg = Release|Any CPU
		{CB8B232F-5ED5-46B3-844F-36FECCFA884E}.Release|Any CPU.Build.0 = Release|Any CPU
		{CB8B232F-5ED5-46B3-844F-36FECCFA884E}.Release|iPhone.ActiveCfg = Release|Any CPU
		{CB8B232F-5ED5-46B3-844F-36FECCFA884E}.Release|iPhone.Build.0 = Release|Any CPU
		{CB8B232F-5ED5-46B3-844F-36FECCFA884E}.Release|iPhoneSimulator.ActiveCfg = Release|Any CPU
		{CB8B232F-5ED5-46B3-844F-36FECCFA884E}.Release|iPhoneSimulator.Build.0 = Release|Any CPU
		{18699448-E584-4C1F-911A-BCB427C75E93}.Ad-Hoc|Any CPU.ActiveCfg = Release|Any CPU
		{18699448-E584-4C1F-911A-BCB427C75E93}.Ad-Hoc|Any CPU.Build.0 = Release|Any CPU
		{18699448-E584-4C1F-911A-BCB427C75E93}.Ad-Hoc|iPhone.ActiveCfg = Release|Any CPU
		{18699448-E584-4C1F-911A-BCB427C75E93}.Ad-Hoc|iPhone.Build.0 = Release|Any CPU
		{18699448-E584-4C1F-911A-BCB427C75E93}.Ad-Hoc|iPhoneSimulator.ActiveCfg = Release|Any CPU
		{18699448-E584-4C1F-911A-BCB427C75E93}.Ad-Hoc|iPhoneSimulator.Build.0 = Release|Any CPU
		{18699448-E584-4C1F-911A-BCB427C75E93}.AppStore|Any CPU.ActiveCfg = Release|Any CPU
		{18699448-E584-4C1F-911A-BCB427C75E93}.AppStore|Any CPU.Build.0 = Release|Any CPU
		{18699448-E584-4C1F-911A-BCB427C75E93}.AppStore|iPhone.ActiveCfg = Release|Any CPU
		{18699448-E584-4C1F-911A-BCB427C75E93}.AppStore|iPhone.Build.0 = Release|Any CPU
		{18699448-E584-4C1F-911A-BCB427C75E93}.AppStore|iPhoneSimulator.ActiveCfg = Release|Any CPU
		{18699448-E584-4C1F-911A-BCB427C75E93}.AppStore|iPhoneSimulator.Build.0 = Release|Any CPU
		{18699448-E584-4C1F-911A-BCB427C75E93}.Debug|Any CPU.ActiveCfg = Debug|Any CPU
		{18699448-E584-4C1F-911A-BCB427C75E93}.Debug|Any CPU.Build.0 = Debug|Any CPU
		{18699448-E584-4C1F-911A-BCB427C75E93}.Debug|iPhone.ActiveCfg = Debug|Any CPU
		{18699448-E584-4C1F-911A-BCB427C75E93}.Debug|iPhone.Build.0 = Debug|Any CPU
		{18699448-E584-4C1F-911A-BCB427C75E93}.Debug|iPhoneSimulator.ActiveCfg = Debug|Any CPU
		{18699448-E584-4C1F-911A-BCB427C75E93}.Debug|iPhoneSimulator.Build.0 = Debug|Any CPU
		{18699448-E584-4C1F-911A-BCB427C75E93}.Release|Any CPU.ActiveCfg = Release|Any CPU
		{18699448-E584-4C1F-911A-BCB427C75E93}.Release|Any CPU.Build.0 = Release|Any CPU
		{18699448-E584-4C1F-911A-BCB427C75E93}.Release|iPhone.ActiveCfg = Release|Any CPU
		{18699448-E584-4C1F-911A-BCB427C75E93}.Release|iPhone.Build.0 = Release|Any CPU
		{18699448-E584-4C1F-911A-BCB427C75E93}.Release|iPhoneSimulator.ActiveCfg = Release|Any CPU
		{18699448-E584-4C1F-911A-BCB427C75E93}.Release|iPhoneSimulator.Build.0 = Release|Any CPU
	EndGlobalSection
	GlobalSection(SolutionProperties) = preSolution
		HideSolutionNode = FALSE
	EndGlobalSection
	GlobalSection(ExtensibilityGlobals) = postSolution
		SolutionGuid = {5608BF5A-B5DB-4A5C-9E2A-CBA9C460FFF5}
	EndGlobalSection
EndGlobal
